
Microsoft Visual Studio Solution File, Format Version 12.00
# Visual Studio Version 16
VisualStudioVersion = 16.0.29905.134
MinimumVisualStudioVersion = 10.0.40219.1
Project("{FAE04EC0-301F-11D3-BF4B-00C04F79EFBC}") = "WololoApi", "WololoApi\WololoApi.csproj", "{9822B9C5-E7C4-4DEE-9AD5-341AA68B008A}"
EndProject
Global
	GlobalSection(SolutionConfigurationPlatforms) = preSolution
		Debug|Any CPU = Debug|Any CPU
		Release|Any CPU = Release|Any CPU
	EndGlobalSection
	GlobalSection(ProjectConfigurationPlatforms) = postSolution
		{9822B9C5-E7C4-4DEE-9AD5-341AA68B008A}.Debug|Any CPU.ActiveCfg = Debug|Any CPU
		{9822B9C5-E7C4-4DEE-9AD5-341AA68B008A}.Debug|Any CPU.Build.0 = Debug|Any CPU
		{9822B9C5-E7C4-4DEE-9AD5-341AA68B008A}.Release|Any CPU.ActiveCfg = Release|Any CPU
		{9822B9C5-E7C4-4DEE-9AD5-341AA68B008A}.Release|Any CPU.Build.0 = Release|Any CPU
	EndGlobalSection
	GlobalSection(SolutionProperties) = preSolution
		HideSolutionNode = FALSE
	EndGlobalSection
	GlobalSection(ExtensibilityGlobals) = postSolution
		SolutionGuid = {89E49FEB-A87C-4081-9014-38038F9DD176}
	EndGlobalSection
EndGlobal
